
Microsoft Visual Studio Solution File, Format Version 12.00
# Visual Studio 2017
Project("{FAE04EC0-301F-11D3-BF4B-00C04F79EFBC}") = "MousePark", "MousePark.csproj", "{2DEB6E36-67AC-FB9A-3004-7444161BD049}"
EndProject
Global
	GlobalSection(SolutionConfigurationPlatforms) = preSolution
		Debug|Any CPU = Debug|Any CPU
		Release|Any CPU = Release|Any CPU
	EndGlobalSection
	GlobalSection(ProjectConfigurationPlatforms) = postSolution
		{2DEB6E36-67AC-FB9A-3004-7444161BD049}.Debug|Any CPU.ActiveCfg = Debug|Any CPU
		{2DEB6E36-67AC-FB9A-3004-7444161BD049}.Debug|Any CPU.Build.0 = Debug|Any CPU
		{2DEB6E36-67AC-FB9A-3004-7444161BD049}.Release|Any CPU.ActiveCfg = Release|Any CPU
		{2DEB6E36-67AC-FB9A-3004-7444161BD049}.Release|Any CPU.Build.0 = Release|Any CPU
	EndGlobalSection
	GlobalSection(SolutionProperties) = preSolution
		HideSolutionNode = FALSE
	EndGlobalSection
EndGlobal
